
Microsoft Visual Studio Solution File, Format Version 12.00
# Visual Studio Version 17
VisualStudioVersion = 17.2.32630.192
MinimumVisualStudioVersion = 10.0.40219.1
Project("{FAE04EC0-301F-11D3-BF4B-00C04F79EFBC}") = "bkol4", "bkol4\bkol4.csproj", "{047E18A4-8E3D-464C-B655-F94642C236E6}"
EndProject
Project("{FAE04EC0-301F-11D3-BF4B-00C04F79EFBC}") = "LabsLibrary", "LabsLibrary\LabsLibrary.csproj", "{7D711C59-DA0B-4C4D-91CA-4DB5BF604361}"
EndProject
Global
	GlobalSection(SolutionConfigurationPlatforms) = preSolution
		Debug|Any CPU = Debug|Any CPU
		Release|Any CPU = Release|Any CPU
	EndGlobalSection
	GlobalSection(ProjectConfigurationPlatforms) = postSolution
		{047E18A4-8E3D-464C-B655-F94642C236E6}.Debug|Any CPU.ActiveCfg = Debug|Any CPU
		{047E18A4-8E3D-464C-B655-F94642C236E6}.Debug|Any CPU.Build.0 = Debug|Any CPU
		{047E18A4-8E3D-464C-B655-F94642C236E6}.Release|Any CPU.ActiveCfg = Release|Any CPU
		{047E18A4-8E3D-464C-B655-F94642C236E6}.Release|Any CPU.Build.0 = Release|Any CPU
		{7D711C59-DA0B-4C4D-91CA-4DB5BF604361}.Debug|Any CPU.ActiveCfg = Debug|Any CPU
		{7D711C59-DA0B-4C4D-91CA-4DB5BF604361}.Debug|Any CPU.Build.0 = Debug|Any CPU
		{7D711C59-DA0B-4C4D-91CA-4DB5BF604361}.Release|Any CPU.ActiveCfg = Release|Any CPU
		{7D711C59-DA0B-4C4D-91CA-4DB5BF604361}.Release|Any CPU.Build.0 = Release|Any CPU
	EndGlobalSection
	GlobalSection(SolutionProperties) = preSolution
		HideSolutionNode = FALSE
	EndGlobalSection
	GlobalSection(ExtensibilityGlobals) = postSolution
		SolutionGuid = {8F78E037-B01A-4FA7-BB4E-4007ED7710CB}
	EndGlobalSection
EndGlobal
